
Microsoft Visual Studio Solution File, Format Version 12.00
# Visual Studio Version 16
VisualStudioVersion = 16.0.33130.400
MinimumVisualStudioVersion = 10.0.40219.1
Project("{FAE04EC0-301F-11D3-BF4B-00C04F79EFBC}") = "NetCore", "NetCore\NetCore.csproj", "{216057CA-B23B-47A0-9553-3EEAD7E79987}"
EndProject
Global
	GlobalSection(SolutionConfigurationPlatforms) = preSolution
		Debug|Any CPU = Debug|Any CPU
		Release|Any CPU = Release|Any CPU
	EndGlobalSection
	GlobalSection(ProjectConfigurationPlatforms) = postSolution
		{216057CA-B23B-47A0-9553-3EEAD7E79987}.Debug|Any CPU.ActiveCfg = Debug|Any CPU
		{216057CA-B23B-47A0-9553-3EEAD7E79987}.Debug|Any CPU.Build.0 = Debug|Any CPU
		{216057CA-B23B-47A0-9553-3EEAD7E79987}.Release|Any CPU.ActiveCfg = Release|Any CPU
		{216057CA-B23B-47A0-9553-3EEAD7E79987}.Release|Any CPU.Build.0 = Release|Any CPU
	EndGlobalSection
	GlobalSection(SolutionProperties) = preSolution
		HideSolutionNode = FALSE
	EndGlobalSection
	GlobalSection(ExtensibilityGlobals) = postSolution
		SolutionGuid = {A9C2CC58-43F7-4774-B398-CA21BD6D6D1C}
	EndGlobalSection
EndGlobal
